
Microsoft Visual Studio Solution File, Format Version 12.00
# Visual Studio 15
VisualStudioVersion = 15.0.27428.2015
MinimumVisualStudioVersion = 10.0.40219.1
Project("{FAE04EC0-301F-11D3-BF4B-00C04F79EFBC}") = "WebAppLogin", "WebAppLogin\WebAppLogin.csproj", "{751121BD-3823-4382-A325-60FC2730FA6F}"
EndProject
Global
	GlobalSection(SolutionConfigurationPlatforms) = preSolution
		Debug|Any CPU = Debug|Any CPU
		Release|Any CPU = Release|Any CPU
	EndGlobalSection
	GlobalSection(ProjectConfigurationPlatforms) = postSolution
		{751121BD-3823-4382-A325-60FC2730FA6F}.Debug|Any CPU.ActiveCfg = Debug|Any CPU
		{751121BD-3823-4382-A325-60FC2730FA6F}.Debug|Any CPU.Build.0 = Debug|Any CPU
		{751121BD-3823-4382-A325-60FC2730FA6F}.Release|Any CPU.ActiveCfg = Release|Any CPU
		{751121BD-3823-4382-A325-60FC2730FA6F}.Release|Any CPU.Build.0 = Release|Any CPU
	EndGlobalSection
	GlobalSection(SolutionProperties) = preSolution
		HideSolutionNode = FALSE
	EndGlobalSection
	GlobalSection(ExtensibilityGlobals) = postSolution
		SolutionGuid = {935AF555-BC06-4212-B93B-223D09C2241A}
	EndGlobalSection
EndGlobal
